
Microsoft Visual Studio Solution File, Format Version 12.00
# Visual Studio 15
VisualStudioVersion = 15.0.26730.16
MinimumVisualStudioVersion = 10.0.40219.1
Project("{FAE04EC0-301F-11D3-BF4B-00C04F79EFBC}") = "Prototipo2", "Prototipo2\Prototipo2.csproj", "{19C80E04-1888-4667-86FD-12F84001F1BF}"
EndProject
Global
	GlobalSection(SolutionConfigurationPlatforms) = preSolution
		Debug|Any CPU = Debug|Any CPU
		Release|Any CPU = Release|Any CPU
	EndGlobalSection
	GlobalSection(ProjectConfigurationPlatforms) = postSolution
		{19C80E04-1888-4667-86FD-12F84001F1BF}.Debug|Any CPU.ActiveCfg = Debug|Any CPU
		{19C80E04-1888-4667-86FD-12F84001F1BF}.Debug|Any CPU.Build.0 = Debug|Any CPU
		{19C80E04-1888-4667-86FD-12F84001F1BF}.Release|Any CPU.ActiveCfg = Release|Any CPU
		{19C80E04-1888-4667-86FD-12F84001F1BF}.Release|Any CPU.Build.0 = Release|Any CPU
	EndGlobalSection
	GlobalSection(SolutionProperties) = preSolution
		HideSolutionNode = FALSE
	EndGlobalSection
	GlobalSection(ExtensibilityGlobals) = postSolution
		SolutionGuid = {0793C634-63CA-41FC-BCED-B85D7F670ADE}
	EndGlobalSection
EndGlobal
